// !$*UTF8*$!
{
	archiveVersion = 1;
	classes = {
	};
	objectVersion = 56;
	objects = {

/* Begin PBXBuildFile section */
		3D2079822BDE94FC00671EC2 /* CharacterThumbnailView.swift in Sources */ = {isa = PBXBuildFile; fileRef = 3D2079812BDE94FC00671EC2 /* CharacterThumbnailView.swift */; };
		3D2079842BDE955400671EC2 /* ImageAPI.swift in Sources */ = {isa = PBXBuildFile; fileRef = 3D2079832BDE955400671EC2 /* ImageAPI.swift */; };
		3D2079862BDE955F00671EC2 /* ImageHandlerIntf.swift in Sources */ = {isa = PBXBuildFile; fileRef = 3D2079852BDE955F00671EC2 /* ImageHandlerIntf.swift */; };
		3D2079882BDE972700671EC2 /* ImageHandler.swift in Sources */ = {isa = PBXBuildFile; fileRef = 3D2079872BDE972700671EC2 /* ImageHandler.swift */; };
		3D2079A52BDEA91A00671EC2 /* LoadingView.swift in Sources */ = {isa = PBXBuildFile; fileRef = 3D2079A42BDEA91A00671EC2 /* LoadingView.swift */; };
		3DE3236D2BDD3E8800F8CACB /* MarvelApp.swift in Sources */ = {isa = PBXBuildFile; fileRef = 3DE3236C2BDD3E8800F8CACB /* MarvelApp.swift */; };
		3DE323712BDD3E8900F8CACB /* Assets.xcassets in Resources */ = {isa = PBXBuildFile; fileRef = 3DE323702BDD3E8900F8CACB /* Assets.xcassets */; };
		3DE323742BDD3E8900F8CACB /* Preview Assets.xcassets in Resources */ = {isa = PBXBuildFile; fileRef = 3DE323732BDD3E8900F8CACB /* Preview Assets.xcassets */; };
		3DE323812BDE61F200F8CACB /* CharacterListView.swift in Sources */ = {isa = PBXBuildFile; fileRef = 3DE323802BDE61F200F8CACB /* CharacterListView.swift */; };
		3DE323862BDE634800F8CACB /* CharacterModel.swift in Sources */ = {isa = PBXBuildFile; fileRef = 3DE323852BDE634800F8CACB /* CharacterModel.swift */; };
		3DE323882BDE640200F8CACB /* CharactersDTO.swift in Sources */ = {isa = PBXBuildFile; fileRef = 3DE323872BDE640200F8CACB /* CharactersDTO.swift */; };
		3DE3238C2BDE65AB00F8CACB /* CharacterAPI.swift in Sources */ = {isa = PBXBuildFile; fileRef = 3DE3238B2BDE65AB00F8CACB /* CharacterAPI.swift */; };
		3DE3238E2BDE66B400F8CACB /* CharacterHandlerIntf.swift in Sources */ = {isa = PBXBuildFile; fileRef = 3DE3238D2BDE66B400F8CACB /* CharacterHandlerIntf.swift */; };
		3DE323902BDE679E00F8CACB /* CharacterHandler.swift in Sources */ = {isa = PBXBuildFile; fileRef = 3DE3238F2BDE679E00F8CACB /* CharacterHandler.swift */; };
		3DE323962BDE77F000F8CACB /* CharacterMapper.swift in Sources */ = {isa = PBXBuildFile; fileRef = 3DE323952BDE77F000F8CACB /* CharacterMapper.swift */; };
/* End PBXBuildFile section */

/* Begin PBXFileReference section */
		3D2079812BDE94FC00671EC2 /* CharacterThumbnailView.swift */ = {isa = PBXFileReference; lastKnownFileType = sourcecode.swift; path = CharacterThumbnailView.swift; sourceTree = "<group>"; };
		3D2079832BDE955400671EC2 /* ImageAPI.swift */ = {isa = PBXFileReference; lastKnownFileType = sourcecode.swift; path = ImageAPI.swift; sourceTree = "<group>"; };
		3D2079852BDE955F00671EC2 /* ImageHandlerIntf.swift */ = {isa = PBXFileReference; lastKnownFileType = sourcecode.swift; path = ImageHandlerIntf.swift; sourceTree = "<group>"; };
		3D2079872BDE972700671EC2 /* ImageHandler.swift */ = {isa = PBXFileReference; lastKnownFileType = sourcecode.swift; path = ImageHandler.swift; sourceTree = "<group>"; };
		3D2079A42BDEA91A00671EC2 /* LoadingView.swift */ = {isa = PBXFileReference; lastKnownFileType = sourcecode.swift; path = LoadingView.swift; sourceTree = "<group>"; };
		3DE323692BDD3E8800F8CACB /* Marvel.app */ = {isa = PBXFileReference; explicitFileType = wrapper.application; includeInIndex = 0; path = Marvel.app; sourceTree = BUILT_PRODUCTS_DIR; };
		3DE3236C2BDD3E8800F8CACB /* MarvelApp.swift */ = {isa = PBXFileReference; lastKnownFileType = sourcecode.swift; path = MarvelApp.swift; sourceTree = "<group>"; };
		3DE323702BDD3E8900F8CACB /* Assets.xcassets */ = {isa = PBXFileReference; lastKnownFileType = folder.assetcatalog; path = Assets.xcassets; sourceTree = "<group>"; };
		3DE323732BDD3E8900F8CACB /* Preview Assets.xcassets */ = {isa = PBXFileReference; lastKnownFileType = folder.assetcatalog; path = "Preview Assets.xcassets"; sourceTree = "<group>"; };
		3DE323802BDE61F200F8CACB /* CharacterListView.swift */ = {isa = PBXFileReference; lastKnownFileType = sourcecode.swift; path = CharacterListView.swift; sourceTree = "<group>"; };
		3DE323852BDE634800F8CACB /* CharacterModel.swift */ = {isa = PBXFileReference; lastKnownFileType = sourcecode.swift; path = CharacterModel.swift; sourceTree = "<group>"; };
		3DE323872BDE640200F8CACB /* CharactersDTO.swift */ = {isa = PBXFileReference; lastKnownFileType = sourcecode.swift; path = CharactersDTO.swift; sourceTree = "<group>"; };
		3DE3238B2BDE65AB00F8CACB /* CharacterAPI.swift */ = {isa = PBXFileReference; lastKnownFileType = sourcecode.swift; path = CharacterAPI.swift; sourceTree = "<group>"; };
		3DE3238D2BDE66B400F8CACB /* CharacterHandlerIntf.swift */ = {isa = PBXFileReference; lastKnownFileType = sourcecode.swift; path = CharacterHandlerIntf.swift; sourceTree = "<group>"; };
		3DE3238F2BDE679E00F8CACB /* CharacterHandler.swift */ = {isa = PBXFileReference; lastKnownFileType = sourcecode.swift; path = CharacterHandler.swift; sourceTree = "<group>"; };
		3DE323952BDE77F000F8CACB /* CharacterMapper.swift */ = {isa = PBXFileReference; lastKnownFileType = sourcecode.swift; path = CharacterMapper.swift; sourceTree = "<group>"; };
/* End PBXFileReference section */

/* Begin PBXFrameworksBuildPhase section */
		3DE323662BDD3E8800F8CACB /* Frameworks */ = {
			isa = PBXFrameworksBuildPhase;
			buildActionMask = 2147483647;
			files = (
			);
			runOnlyForDeploymentPostprocessing = 0;
		};
/* End PBXFrameworksBuildPhase section */

/* Begin PBXGroup section */
		3D2079A32BDEA90C00671EC2 /* View */ = {
			isa = PBXGroup;
			children = (
				3D2079A42BDEA91A00671EC2 /* LoadingView.swift */,
			);
			path = View;
			sourceTree = "<group>";
		};
		3DE323602BDD3E8800F8CACB = {
			isa = PBXGroup;
			children = (
				3DE3236B2BDD3E8800F8CACB /* Marvel */,
				3DE3236A2BDD3E8800F8CACB /* Products */,
			);
			sourceTree = "<group>";
		};
		3DE3236A2BDD3E8800F8CACB /* Products */ = {
			isa = PBXGroup;
			children = (
				3DE323692BDD3E8800F8CACB /* Marvel.app */,
			);
			name = Products;
			sourceTree = "<group>";
		};
		3DE3236B2BDD3E8800F8CACB /* Marvel */ = {
			isa = PBXGroup;
			children = (
				3DE3237A2BDD64F200F8CACB /* App */,
				3DE3237B2BDD64FE00F8CACB /* Common */,
				3DE323822BDE630800F8CACB /* Networking */,
				3DE323702BDD3E8900F8CACB /* Assets.xcassets */,
				3DE323722BDD3E8900F8CACB /* Preview Content */,
			);
			path = Marvel;
			sourceTree = "<group>";
		};
		3DE323722BDD3E8900F8CACB /* Preview Content */ = {
			isa = PBXGroup;
			children = (
				3DE323732BDD3E8900F8CACB /* Preview Assets.xcassets */,
			);
			path = "Preview Content";
			sourceTree = "<group>";
		};
		3DE3237A2BDD64F200F8CACB /* App */ = {
			isa = PBXGroup;
			children = (
				3DE3237D2BDD655300F8CACB /* Characters */,
				3DE3237C2BDD651000F8CACB /* Main */,
			);
			path = App;
			sourceTree = "<group>";
		};
		3DE3237B2BDD64FE00F8CACB /* Common */ = {
			isa = PBXGroup;
			children = (
				3D2079A32BDEA90C00671EC2 /* View */,
				3DE323942BDE77E700F8CACB /* Mapper */,
			);
			path = Common;
			sourceTree = "<group>";
		};
		3DE3237C2BDD651000F8CACB /* Main */ = {
			isa = PBXGroup;
			children = (
				3DE3236C2BDD3E8800F8CACB /* MarvelApp.swift */,
			);
			path = Main;
			sourceTree = "<group>";
		};
		3DE3237D2BDD655300F8CACB /* Characters */ = {
			isa = PBXGroup;
			children = (
				3DE323932BDE71FC00F8CACB /* Model */,
				3DE323912BDE71D700F8CACB /* View */,
			);
			path = Characters;
			sourceTree = "<group>";
		};
		3DE323822BDE630800F8CACB /* Networking */ = {
			isa = PBXGroup;
			children = (
				3DE323892BDE64D900F8CACB /* Infrastructure */,
				3DE3238A2BDE64E400F8CACB /* Application */,
				3DE323832BDE631800F8CACB /* Models */,
			);
			path = Networking;
			sourceTree = "<group>";
		};
		3DE323832BDE631800F8CACB /* Models */ = {
			isa = PBXGroup;
			children = (
				3DE323872BDE640200F8CACB /* CharactersDTO.swift */,
			);
			path = Models;
			sourceTree = "<group>";
		};
		3DE323892BDE64D900F8CACB /* Infrastructure */ = {
			isa = PBXGroup;
			children = (
				3DE3238F2BDE679E00F8CACB /* CharacterHandler.swift */,
				3D2079872BDE972700671EC2 /* ImageHandler.swift */,
			);
			path = Infrastructure;
			sourceTree = "<group>";
		};
		3DE3238A2BDE64E400F8CACB /* Application */ = {
			isa = PBXGroup;
			children = (
				3DE3238D2BDE66B400F8CACB /* CharacterHandlerIntf.swift */,
				3DE3238B2BDE65AB00F8CACB /* CharacterAPI.swift */,
				3D2079852BDE955F00671EC2 /* ImageHandlerIntf.swift */,
				3D2079832BDE955400671EC2 /* ImageAPI.swift */,
			);
			path = Application;
			sourceTree = "<group>";
		};
		3DE323912BDE71D700F8CACB /* View */ = {
			isa = PBXGroup;
			children = (
				3DE323802BDE61F200F8CACB /* CharacterListView.swift */,
				3D2079812BDE94FC00671EC2 /* CharacterThumbnailView.swift */,
			);
			path = View;
			sourceTree = "<group>";
		};
		3DE323932BDE71FC00F8CACB /* Model */ = {
			isa = PBXGroup;
			children = (
				3DE323852BDE634800F8CACB /* CharacterModel.swift */,
			);
			path = Model;
			sourceTree = "<group>";
		};
		3DE323942BDE77E700F8CACB /* Mapper */ = {
			isa = PBXGroup;
			children = (
				3DE323952BDE77F000F8CACB /* CharacterMapper.swift */,
			);
			path = Mapper;
			sourceTree = "<group>";
		};
/* End PBXGroup section */

/* Begin PBXNativeTarget section */
		3DE323682BDD3E8800F8CACB /* Marvel */ = {
			isa = PBXNativeTarget;
			buildConfigurationList = 3DE323772BDD3E8900F8CACB /* Build configuration list for PBXNativeTarget "Marvel" */;
			buildPhases = (
				3DE323652BDD3E8800F8CACB /* Sources */,
				3DE323662BDD3E8800F8CACB /* Frameworks */,
				3DE323672BDD3E8800F8CACB /* Resources */,
			);
			buildRules = (
			);
			dependencies = (
			);
			name = Marvel;
			productName = Marvel;
			productReference = 3DE323692BDD3E8800F8CACB /* Marvel.app */;
			productType = "com.apple.product-type.application";
		};
/* End PBXNativeTarget section */

/* Begin PBXProject section */
		3DE323612BDD3E8800F8CACB /* Project object */ = {
			isa = PBXProject;
			attributes = {
				BuildIndependentTargetsInParallel = 1;
				LastSwiftUpdateCheck = 1530;
				LastUpgradeCheck = 1530;
				TargetAttributes = {
					3DE323682BDD3E8800F8CACB = {
						CreatedOnToolsVersion = 15.3;
					};
				};
			};
			buildConfigurationList = 3DE323642BDD3E8800F8CACB /* Build configuration list for PBXProject "Marvel" */;
			compatibilityVersion = "Xcode 14.0";
			developmentRegion = en;
			hasScannedForEncodings = 0;
			knownRegions = (
				en,
				Base,
			);
			mainGroup = 3DE323602BDD3E8800F8CACB;
			productRefGroup = 3DE3236A2BDD3E8800F8CACB /* Products */;
			projectDirPath = "";
			projectRoot = "";
			targets = (
				3DE323682BDD3E8800F8CACB /* Marvel */,
			);
		};
/* End PBXProject section */

/* Begin PBXResourcesBuildPhase section */
		3DE323672BDD3E8800F8CACB /* Resources */ = {
			isa = PBXResourcesBuildPhase;
			buildActionMask = 2147483647;
			files = (
				3DE323742BDD3E8900F8CACB /* Preview Assets.xcassets in Resources */,
				3DE323712BDD3E8900F8CACB /* Assets.xcassets in Resources */,
			);
			runOnlyForDeploymentPostprocessing = 0;
		};
/* End PBXResourcesBuildPhase section */

/* Begin PBXSourcesBuildPhase section */
		3DE323652BDD3E8800F8CACB /* Sources */ = {
			isa = PBXSourcesBuildPhase;
			buildActionMask = 2147483647;
			files = (
				3DE323812BDE61F200F8CACB /* CharacterListView.swift in Sources */,
				3DE323862BDE634800F8CACB /* CharacterModel.swift in Sources */,
				3DE3238C2BDE65AB00F8CACB /* CharacterAPI.swift in Sources */,
				3D2079862BDE955F00671EC2 /* ImageHandlerIntf.swift in Sources */,
				3DE323962BDE77F000F8CACB /* CharacterMapper.swift in Sources */,
				3D2079822BDE94FC00671EC2 /* CharacterThumbnailView.swift in Sources */,
				3DE323902BDE679E00F8CACB /* CharacterHandler.swift in Sources */,
				3DE323882BDE640200F8CACB /* CharactersDTO.swift in Sources */,
				3DE3238E2BDE66B400F8CACB /* CharacterHandlerIntf.swift in Sources */,
				3D2079842BDE955400671EC2 /* ImageAPI.swift in Sources */,
				3D2079882BDE972700671EC2 /* ImageHandler.swift in Sources */,
				3D2079A52BDEA91A00671EC2 /* LoadingView.swift in Sources */,
				3DE3236D2BDD3E8800F8CACB /* MarvelApp.swift in Sources */,
			);
			runOnlyForDeploymentPostprocessing = 0;
		};
/* End PBXSourcesBuildPhase section */

/* Begin XCBuildConfiguration section */
		3DE323752BDD3E8900F8CACB /* Debug */ = {
			isa = XCBuildConfiguration;
			buildSettings = {
				ALWAYS_SEARCH_USER_PATHS = NO;
				ASSETCATALOG_COMPILER_GENERATE_SWIFT_ASSET_SYMBOL_EXTENSIONS = YES;
				CLANG_ANALYZER_NONNULL = YES;
				CLANG_ANALYZER_NUMBER_OBJECT_CONVERSION = YES_AGGRESSIVE;
				CLANG_CXX_LANGUAGE_STANDARD = "gnu++20";
				CLANG_ENABLE_MODULES = YES;
				CLANG_ENABLE_OBJC_ARC = YES;
				CLANG_ENABLE_OBJC_WEAK = YES;
				CLANG_WARN_BLOCK_CAPTURE_AUTORELEASING = YES;
				CLANG_WARN_BOOL_CONVERSION = YES;
				CLANG_WARN_COMMA = YES;
				CLANG_WARN_CONSTANT_CONVERSION = YES;
				CLANG_WARN_DEPRECATED_OBJC_IMPLEMENTATIONS = YES;
				CLANG_WARN_DIRECT_OBJC_ISA_USAGE = YES_ERROR;
				CLANG_WARN_DOCUMENTATION_COMMENTS = YES;
				CLANG_WARN_EMPTY_BODY = YES;
				CLANG_WARN_ENUM_CONVERSION = YES;
				CLANG_WARN_INFINITE_RECURSION = YES;
				CLANG_WARN_INT_CONVERSION = YES;
				CLANG_WARN_NON_LITERAL_NULL_CONVERSION = YES;
				CLANG_WARN_OBJC_IMPLICIT_RETAIN_SELF = YES;
				CLANG_WARN_OBJC_LITERAL_CONVERSION = YES;
				CLANG_WARN_OBJC_ROOT_CLASS = YES_ERROR;
				CLANG_WARN_QUOTED_INCLUDE_IN_FRAMEWORK_HEADER = YES;
				CLANG_WARN_RANGE_LOOP_ANALYSIS = YES;
				CLANG_WARN_STRICT_PROTOTYPES = YES;
				CLANG_WARN_SUSPICIOUS_MOVE = YES;
				CLANG_WARN_UNGUARDED_AVAILABILITY = YES_AGGRESSIVE;
				CLANG_WARN_UNREACHABLE_CODE = YES;
				CLANG_WARN__DUPLICATE_METHOD_MATCH = YES;
				COPY_PHASE_STRIP = NO;
				DEBUG_INFORMATION_FORMAT = dwarf;
				ENABLE_STRICT_OBJC_MSGSEND = YES;
				ENABLE_TESTABILITY = YES;
				ENABLE_USER_SCRIPT_SANDBOXING = YES;
				GCC_C_LANGUAGE_STANDARD = gnu17;
				GCC_DYNAMIC_NO_PIC = NO;
				GCC_NO_COMMON_BLOCKS = YES;
				GCC_OPTIMIZATION_LEVEL = 0;
				GCC_PREPROCESSOR_DEFINITIONS = (
					"DEBUG=1",
					"$(inherited)",
				);
				GCC_WARN_64_TO_32_BIT_CONVERSION = YES;
				GCC_WARN_ABOUT_RETURN_TYPE = YES_ERROR;
				GCC_WARN_UNDECLARED_SELECTOR = YES;
				GCC_WARN_UNINITIALIZED_AUTOS = YES_AGGRESSIVE;
				GCC_WARN_UNUSED_FUNCTION = YES;
				GCC_WARN_UNUSED_VARIABLE = YES;
				IPHONEOS_DEPLOYMENT_TARGET = 17.4;
				LOCALIZATION_PREFERS_STRING_CATALOGS = YES;
				MTL_ENABLE_DEBUG_INFO = INCLUDE_SOURCE;
				MTL_FAST_MATH = YES;
				ONLY_ACTIVE_ARCH = YES;
				SDKROOT = iphoneos;
				SWIFT_ACTIVE_COMPILATION_CONDITIONS = "DEBUG $(inherited)";
				SWIFT_OPTIMIZATION_LEVEL = "-Onone";
			};
			name = Debug;
		};
		3DE323762BDD3E8900F8CACB /* Release */ = {
			isa = XCBuildConfiguration;
			buildSettings = {
				ALWAYS_SEARCH_USER_PATHS = NO;
				ASSETCATALOG_COMPILER_GENERATE_SWIFT_ASSET_SYMBOL_EXTENSIONS = YES;
				CLANG_ANALYZER_NONNULL = YES;
				CLANG_ANALYZER_NUMBER_OBJECT_CONVERSION = YES_AGGRESSIVE;
				CLANG_CXX_LANGUAGE_STANDARD = "gnu++20";
				CLANG_ENABLE_MODULES = YES;
				CLANG_ENABLE_OBJC_ARC = YES;
				CLANG_ENABLE_OBJC_WEAK = YES;
				CLANG_WARN_BLOCK_CAPTURE_AUTORELEASING = YES;
				CLANG_WARN_BOOL_CONVERSION = YES;
				CLANG_WARN_COMMA = YES;
				CLANG_WARN_CONSTANT_CONVERSION = YES;
				CLANG_WARN_DEPRECATED_OBJC_IMPLEMENTATIONS = YES;
				CLANG_WARN_DIRECT_OBJC_ISA_USAGE = YES_ERROR;
				CLANG_WARN_DOCUMENTATION_COMMENTS = YES;
				CLANG_WARN_EMPTY_BODY = YES;
				CLANG_WARN_ENUM_CONVERSION = YES;
				CLANG_WARN_INFINITE_RECURSION = YES;
				CLANG_WARN_INT_CONVERSION = YES;
				CLANG_WARN_NON_LITERAL_NULL_CONVERSION = YES;
				CLANG_WARN_OBJC_IMPLICIT_RETAIN_SELF = YES;
				CLANG_WARN_OBJC_LITERAL_CONVERSION = YES;
				CLANG_WARN_OBJC_ROOT_CLASS = YES_ERROR;
				CLANG_WARN_QUOTED_INCLUDE_IN_FRAMEWORK_HEADER = YES;
				CLANG_WARN_RANGE_LOOP_ANALYSIS = YES;
				CLANG_WARN_STRICT_PROTOTYPES = YES;
				CLANG_WARN_SUSPICIOUS_MOVE = YES;
				CLANG_WARN_UNGUARDED_AVAILABILITY = YES_AGGRESSIVE;
				CLANG_WARN_UNREACHABLE_CODE = YES;
				CLANG_WARN__DUPLICATE_METHOD_MATCH = YES;
				COPY_PHASE_STRIP = NO;
				DEBUG_INFORMATION_FORMAT = "dwarf-with-dsym";
				ENABLE_NS_ASSERTIONS = NO;
				ENABLE_STRICT_OBJC_MSGSEND = YES;
				ENABLE_USER_SCRIPT_SANDBOXING = YES;
				GCC_C_LANGUAGE_STANDARD = gnu17;
				GCC_NO_COMMON_BLOCKS = YES;
				GCC_WARN_64_TO_32_BIT_CONVERSION = YES;
				GCC_WARN_ABOUT_RETURN_TYPE = YES_ERROR;
				GCC_WARN_UNDECLARED_SELECTOR = YES;
				GCC_WARN_UNINITIALIZED_AUTOS = YES_AGGRESSIVE;
				GCC_WARN_UNUSED_FUNCTION = YES;
				GCC_WARN_UNUSED_VARIABLE = YES;
				IPHONEOS_DEPLOYMENT_TARGET = 17.4;
				LOCALIZATION_PREFERS_STRING_CATALOGS = YES;
				MTL_ENABLE_DEBUG_INFO = NO;
				MTL_FAST_MATH = YES;
				SDKROOT = iphoneos;
				SWIFT_COMPILATION_MODE = wholemodule;
				VALIDATE_PRODUCT = YES;
			};
			name = Release;
		};
		3DE323782BDD3E8900F8CACB /* Debug */ = {
			isa = XCBuildConfiguration;
			buildSettings = {
				ASSETCATALOG_COMPILER_APPICON_NAME = AppIcon;
				ASSETCATALOG_COMPILER_GLOBAL_ACCENT_COLOR_NAME = AccentColor;
				CODE_SIGN_STYLE = Automatic;
				CURRENT_PROJECT_VERSION = 1;
				DEVELOPMENT_ASSET_PATHS = "\"Marvel/Preview Content\"";
				ENABLE_PREVIEWS = YES;
				GENERATE_INFOPLIST_FILE = YES;
				INFOPLIST_KEY_UIApplicationSceneManifest_Generation = YES;
				INFOPLIST_KEY_UIApplicationSupportsIndirectInputEvents = YES;
				INFOPLIST_KEY_UILaunchScreen_Generation = YES;
				INFOPLIST_KEY_UISupportedInterfaceOrientations_iPad = "UIInterfaceOrientationPortrait UIInterfaceOrientationPortraitUpsideDown UIInterfaceOrientationLandscapeLeft UIInterfaceOrientationLandscapeRight";
				INFOPLIST_KEY_UISupportedInterfaceOrientations_iPhone = "UIInterfaceOrientationPortrait UIInterfaceOrientationLandscapeLeft UIInterfaceOrientationLandscapeRight";
				LD_RUNPATH_SEARCH_PATHS = (
					"$(inherited)",
					"@executable_path/Frameworks",
				);
				MARKETING_VERSION = 1.0;
				PRODUCT_BUNDLE_IDENTIFIER = CSwNico.Marvel;
				PRODUCT_NAME = "$(TARGET_NAME)";
				SWIFT_EMIT_LOC_STRINGS = YES;
				SWIFT_VERSION = 5.0;
				TARGETED_DEVICE_FAMILY = "1,2";
			};
			name = Debug;
		};
		3DE323792BDD3E8900F8CACB /* Release */ = {
			isa = XCBuildConfiguration;
			buildSettings = {
				ASSETCATALOG_COMPILER_APPICON_NAME = AppIcon;
				ASSETCATALOG_COMPILER_GLOBAL_ACCENT_COLOR_NAME = AccentColor;
				CODE_SIGN_STYLE = Automatic;
				CURRENT_PROJECT_VERSION = 1;
				DEVELOPMENT_ASSET_PATHS = "\"Marvel/Preview Content\"";
				ENABLE_PREVIEWS = YES;
				GENERATE_INFOPLIST_FILE = YES;
				INFOPLIST_KEY_UIApplicationSceneManifest_Generation = YES;
				INFOPLIST_KEY_UIApplicationSupportsIndirectInputEvents = YES;
				INFOPLIST_KEY_UILaunchScreen_Generation = YES;
				INFOPLIST_KEY_UISupportedInterfaceOrientations_iPad = "UIInterfaceOrientationPortrait UIInterfaceOrientationPortraitUpsideDown UIInterfaceOrientationLandscapeLeft UIInterfaceOrientationLandscapeRight";
				INFOPLIST_KEY_UISupportedInterfaceOrientations_iPhone = "UIInterfaceOrientationPortrait UIInterfaceOrientationLandscapeLeft UIInterfaceOrientationLandscapeRight";
				LD_RUNPATH_SEARCH_PATHS = (
					"$(inherited)",
					"@executable_path/Frameworks",
				);
				MARKETING_VERSION = 1.0;
				PRODUCT_BUNDLE_IDENTIFIER = CSwNico.Marvel;
				PRODUCT_NAME = "$(TARGET_NAME)";
				SWIFT_EMIT_LOC_STRINGS = YES;
				SWIFT_VERSION = 5.0;
				TARGETED_DEVICE_FAMILY = "1,2";
			};
			name = Release;
		};
/* End XCBuildConfiguration section */

/* Begin XCConfigurationList section */
		3DE323642BDD3E8800F8CACB /* Build configuration list for PBXProject "Marvel" */ = {
			isa = XCConfigurationList;
			buildConfigurations = (
				3DE323752BDD3E8900F8CACB /* Debug */,
				3DE323762BDD3E8900F8CACB /* Release */,
			);
			defaultConfigurationIsVisible = 0;
			defaultConfigurationName = Release;
		};
		3DE323772BDD3E8900F8CACB /* Build configuration list for PBXNativeTarget "Marvel" */ = {
			isa = XCConfigurationList;
			buildConfigurations = (
				3DE323782BDD3E8900F8CACB /* Debug */,
				3DE323792BDD3E8900F8CACB /* Release */,
			);
			defaultConfigurationIsVisible = 0;
			defaultConfigurationName = Release;
		};
/* End XCConfigurationList section */
	};
	rootObject = 3DE323612BDD3E8800F8CACB /* Project object */;
}
